# This file is automatically @generated by Cargo.
# It is not intended for manual editing.
version = 3

[[package]]
name = "core_simd"
version = "0.1.0"
source = "git+https://github.com/rust-lang/stdsimd#715f9ac4e36ee303c3d464121ebb65df8f92416e"

[[package]]
name = "g3"
version = "0.1.0"
dependencies = [
 "core_simd",
]
